
Microsoft Visual Studio Solution File, Format Version 12.00
# Visual Studio 2013
VisualStudioVersion = 12.0.30501.0
MinimumVisualStudioVersion = 10.0.40219.1
Project("{FAE04EC0-301F-11D3-BF4B-00C04F79EFBC}") = "Ejercicio 11", "Ejercicio 11\Ejercicio 11.csproj", "{66067BDE-E0AE-4EA3-9A80-4319720618CD}"
EndProject
Global
	GlobalSection(SolutionConfigurationPlatforms) = preSolution
		Debug|Any CPU = Debug|Any CPU
		Release|Any CPU = Release|Any CPU
	EndGlobalSection
	GlobalSection(ProjectConfigurationPlatforms) = postSolution
		{66067BDE-E0AE-4EA3-9A80-4319720618CD}.Debug|Any CPU.ActiveCfg = Debug|Any CPU
		{66067BDE-E0AE-4EA3-9A80-4319720618CD}.Debug|Any CPU.Build.0 = Debug|Any CPU
		{66067BDE-E0AE-4EA3-9A80-4319720618CD}.Release|Any CPU.ActiveCfg = Release|Any CPU
		{66067BDE-E0AE-4EA3-9A80-4319720618CD}.Release|Any CPU.Build.0 = Release|Any CPU
	EndGlobalSection
	GlobalSection(SolutionProperties) = preSolution
		HideSolutionNode = FALSE
	EndGlobalSection
EndGlobal
